PODS:
  - Flutter (1.0.0)
  - UMCCommon (7.1.0)
  - UMCCommonLog (2.0.0)
  - umeng_plugin (0.0.1):
    - Flutter
    - UMCCommon
    - UMCCommonLog

DEPENDENCIES:
  - Flutter (from `Flutter`)
  - umeng_plugin (from `.symlinks/plugins/umeng_plugin/ios`)

SPEC REPOS:
  trunk:
    - UMCCommon
    - UMCCommonLog

EXTERNAL SOURCES:
  Flutter:
    :path: Flutter
  umeng_plugin:
    :path: ".symlinks/plugins/umeng_plugin/ios"

SPEC CHECKSUMS:
  Flutter: 0e3d915762c693b495b44d77113d4970485de6ec
  UMCCommon: 4e80f93492d300245683236668763dc5d0b04dbd
  UMCCommonLog: 9b7ddde5d14a52fc1986ba5ac3121b8b2f433638
  umeng_plugin: f14cd6f93e661a28f48a2cc25544a1860585f0ae

PODFILE CHECKSUM: 3dd0474b93de0bec813a5e3976044519543a4957

COCOAPODS: 1.9.1
